
Microsoft Visual Studio Solution File, Format Version 12.00
# Visual Studio 15
VisualStudioVersion = 15.0.26430.13
MinimumVisualStudioVersion = 10.0.40219.1
Project("{FAE04EC0-301F-11D3-BF4B-00C04F79EFBC}") = "MixedRealityIntroduction", "MixedRealityIntroduction\MixedRealityIntroduction.csproj", "{13A45C13-3265-47B8-BC48-A553B569DF55}"
EndProject
Project("{FAE04EC0-301F-11D3-BF4B-00C04F79EFBC}") = "Assembly-CSharp", "D:\Project\Unity\MixedRealityIntroduction\MixedRealityIntroduction\App\GeneratedProjects\UWP\Assembly-CSharp\Assembly-CSharp.csproj", "{4561E92A-48D7-4EB5-AF24-BEA82A1BE693}"
EndProject
Project("{FAE04EC0-301F-11D3-BF4B-00C04F79EFBC}") = "Assembly-CSharp-firstpass", "D:\Project\Unity\MixedRealityIntroduction\MixedRealityIntroduction\App\GeneratedProjects\UWP\Assembly-CSharp-firstpass\Assembly-CSharp-firstpass.csproj", "{877ED239-85EF-4223-9701-5864F83FF9FC}"
EndProject
Global
	GlobalSection(SolutionConfigurationPlatforms) = preSolution
		Debug|ARM = Debug|ARM
		Debug|x64 = Debug|x64
		Debug|x86 = Debug|x86
		Master|ARM = Master|ARM
		Master|x64 = Master|x64
		Master|x86 = Master|x86
		Release|ARM = Release|ARM
		Release|x64 = Release|x64
		Release|x86 = Release|x86
	EndGlobalSection
	GlobalSection(ProjectConfigurationPlatforms) = postSolution
		{13A45C13-3265-47B8-BC48-A553B569DF55}.Debug|ARM.ActiveCfg = Debug|ARM
		{13A45C13-3265-47B8-BC48-A553B569DF55}.Debug|ARM.Build.0 = Debug|ARM
		{13A45C13-3265-47B8-BC48-A553B569DF55}.Debug|ARM.Deploy.0 = Debug|ARM
		{13A45C13-3265-47B8-BC48-A553B569DF55}.Debug|x64.ActiveCfg = Debug|x64
		{13A45C13-3265-47B8-BC48-A553B569DF55}.Debug|x64.Build.0 = Debug|x64
		{13A45C13-3265-47B8-BC48-A553B569DF55}.Debug|x64.Deploy.0 = Debug|x64
		{13A45C13-3265-47B8-BC48-A553B569DF55}.Debug|x86.ActiveCfg = Debug|x86
		{13A45C13-3265-47B8-BC48-A553B569DF55}.Debug|x86.Build.0 = Debug|x86
		{13A45C13-3265-47B8-BC48-A553B569DF55}.Debug|x86.Deploy.0 = Debug|x86
		{13A45C13-3265-47B8-BC48-A553B569DF55}.Master|ARM.ActiveCfg = Master|ARM
		{13A45C13-3265-47B8-BC48-A553B569DF55}.Master|ARM.Build.0 = Master|ARM
		{13A45C13-3265-47B8-BC48-A553B569DF55}.Master|ARM.Deploy.0 = Master|ARM
		{13A45C13-3265-47B8-BC48-A553B569DF55}.Master|x64.ActiveCfg = Master|x64
		{13A45C13-3265-47B8-BC48-A553B569DF55}.Master|x64.Build.0 = Master|x64
		{13A45C13-3265-47B8-BC48-A553B569DF55}.Master|x64.Deploy.0 = Master|x64
		{13A45C13-3265-47B8-BC48-A553B569DF55}.Master|x86.ActiveCfg = Master|x86
		{13A45C13-3265-47B8-BC48-A553B569DF55}.Master|x86.Build.0 = Master|x86
		{13A45C13-3265-47B8-BC48-A553B569DF55}.Master|x86.Deploy.0 = Master|x86
		{13A45C13-3265-47B8-BC48-A553B569DF55}.Release|ARM.ActiveCfg = Release|ARM
		{13A45C13-3265-47B8-BC48-A553B569DF55}.Release|ARM.Build.0 = Release|ARM
		{13A45C13-3265-47B8-BC48-A553B569DF55}.Release|ARM.Deploy.0 = Release|ARM
		{13A45C13-3265-47B8-BC48-A553B569DF55}.Release|x64.ActiveCfg = Release|x64
		{13A45C13-3265-47B8-BC48-A553B569DF55}.Release|x64.Build.0 = Release|x64
		{13A45C13-3265-47B8-BC48-A553B569DF55}.Release|x64.Deploy.0 = Release|x64
		{13A45C13-3265-47B8-BC48-A553B569DF55}.Release|x86.ActiveCfg = Release|x86
		{13A45C13-3265-47B8-BC48-A553B569DF55}.Release|x86.Build.0 = Release|x86
		{13A45C13-3265-47B8-BC48-A553B569DF55}.Release|x86.Deploy.0 = Release|x86
		{4561E92A-48D7-4EB5-AF24-BEA82A1BE693}.Debug|ARM.ActiveCfg = Debug|ARM
		{4561E92A-48D7-4EB5-AF24-BEA82A1BE693}.Debug|ARM.Build.0 = Debug|ARM
		{4561E92A-48D7-4EB5-AF24-BEA82A1BE693}.Debug|x64.ActiveCfg = Debug|x64
		{4561E92A-48D7-4EB5-AF24-BEA82A1BE693}.Debug|x64.Build.0 = Debug|x64
		{4561E92A-48D7-4EB5-AF24-BEA82A1BE693}.Debug|x86.ActiveCfg = Debug|x86
		{4561E92A-48D7-4EB5-AF24-BEA82A1BE693}.Debug|x86.Build.0 = Debug|x86
		{4561E92A-48D7-4EB5-AF24-BEA82A1BE693}.Master|ARM.ActiveCfg = Master|ARM
		{4561E92A-48D7-4EB5-AF24-BEA82A1BE693}.Master|ARM.Build.0 = Master|ARM
		{4561E92A-48D7-4EB5-AF24-BEA82A1BE693}.Master|x64.ActiveCfg = Master|x64
		{4561E92A-48D7-4EB5-AF24-BEA82A1BE693}.Master|x64.Build.0 = Master|x64
		{4561E92A-48D7-4EB5-AF24-BEA82A1BE693}.Master|x86.ActiveCfg = Master|x86
		{4561E92A-48D7-4EB5-AF24-BEA82A1BE693}.Master|x86.Build.0 = Master|x86
		{4561E92A-48D7-4EB5-AF24-BEA82A1BE693}.Release|ARM.ActiveCfg = Release|ARM
		{4561E92A-48D7-4EB5-AF24-BEA82A1BE693}.Release|ARM.Build.0 = Release|ARM
		{4561E92A-48D7-4EB5-AF24-BEA82A1BE693}.Release|x64.ActiveCfg = Release|x64
		{4561E92A-48D7-4EB5-AF24-BEA82A1BE693}.Release|x64.Build.0 = Release|x64
		{4561E92A-48D7-4EB5-AF24-BEA82A1BE693}.Release|x86.ActiveCfg = Release|x86
		{4561E92A-48D7-4EB5-AF24-BEA82A1BE693}.Release|x86.Build.0 = Release|x86
		{877ED239-85EF-4223-9701-5864F83FF9FC}.Debug|ARM.ActiveCfg = Debug|ARM
		{877ED239-85EF-4223-9701-5864F83FF9FC}.Debug|ARM.Build.0 = Debug|ARM
		{877ED239-85EF-4223-9701-5864F83FF9FC}.Debug|x64.ActiveCfg = Debug|x64
		{877ED239-85EF-4223-9701-5864F83FF9FC}.Debug|x64.Build.0 = Debug|x64
		{877ED239-85EF-4223-9701-5864F83FF9FC}.Debug|x86.ActiveCfg = Debug|x86
		{877ED239-85EF-4223-9701-5864F83FF9FC}.Debug|x86.Build.0 = Debug|x86
		{877ED239-85EF-4223-9701-5864F83FF9FC}.Master|ARM.ActiveCfg = Master|ARM
		{877ED239-85EF-4223-9701-5864F83FF9FC}.Master|ARM.Build.0 = Master|ARM
		{877ED239-85EF-4223-9701-5864F83FF9FC}.Master|x64.ActiveCfg = Master|x64
		{877ED239-85EF-4223-9701-5864F83FF9FC}.Master|x64.Build.0 = Master|x64
		{877ED239-85EF-4223-9701-5864F83FF9FC}.Master|x86.ActiveCfg = Master|x86
		{877ED239-85EF-4223-9701-5864F83FF9FC}.Master|x86.Build.0 = Master|x86
		{877ED239-85EF-4223-9701-5864F83FF9FC}.Release|ARM.ActiveCfg = Release|ARM
		{877ED239-85EF-4223-9701-5864F83FF9FC}.Release|ARM.Build.0 = Release|ARM
		{877ED239-85EF-4223-9701-5864F83FF9FC}.Release|x64.ActiveCfg = Release|x64
		{877ED239-85EF-4223-9701-5864F83FF9FC}.Release|x64.Build.0 = Release|x64
		{877ED239-85EF-4223-9701-5864F83FF9FC}.Release|x86.ActiveCfg = Release|x86
		{877ED239-85EF-4223-9701-5864F83FF9FC}.Release|x86.Build.0 = Release|x86
	EndGlobalSection
	GlobalSection(SolutionProperties) = preSolution
		HideSolutionNode = FALSE
	EndGlobalSection
EndGlobal
